// !$*UTF8*$!
{
	archiveVersion = 1;
	classes = {
	};
	objectVersion = 50;
	objects = {

/* Begin PBXBuildFile section */
		A86AE0ED2141C3EE00A037DE /* AppDelegate.swift in Sources */ = {isa = PBXBuildFile; fileRef = A86AE0EC2141C3EE00A037DE /* AppDelegate.swift */; };
		A86AE0EF2141C3EE00A037DE /* RecordSoundsViewController.swift in Sources */ = {isa = PBXBuildFile; fileRef = A86AE0EE2141C3EE00A037DE /* RecordSoundsViewController.swift */; };
		A86AE0F22141C3EE00A037DE /* Main.storyboard in Resources */ = {isa = PBXBuildFile; fileRef = A86AE0F02141C3EE00A037DE /* Main.storyboard */; };
		A86AE0F42141C3F100A037DE /* Assets.xcassets in Resources */ = {isa = PBXBuildFile; fileRef = A86AE0F32141C3F100A037DE /* Assets.xcassets */; };
		A86AE0F72141C3F100A037DE /* LaunchScreen.storyboard in Resources */ = {isa = PBXBuildFile; fileRef = A86AE0F52141C3F100A037DE /* LaunchScreen.storyboard */; };
		A86AE10121471CDF00A037DE /* PlaySoundsViewController.swift in Sources */ = {isa = PBXBuildFile; fileRef = A86AE10021471CDF00A037DE /* PlaySoundsViewController.swift */; };
		A86AE10521479E1B00A037DE /* playsoundsviewcontroller-audio.swift in Sources */ = {isa = PBXBuildFile; fileRef = A86AE10421479E1B00A037DE /* playsoundsviewcontroller-audio.swift */; };
/* End PBXBuildFile section */

/* Begin PBXFileReference section */
		A86AE0E92141C3EE00A037DE /* Change Voice.app */ = {isa = PBXFileReference; explicitFileType = wrapper.application; includeInIndex = 0; path = "Change Voice.app"; sourceTree = BUILT_PRODUCTS_DIR; };
		A86AE0EC2141C3EE00A037DE /* AppDelegate.swift */ = {isa = PBXFileReference; lastKnownFileType = sourcecode.swift; path = AppDelegate.swift; sourceTree = "<group>"; };
		A86AE0EE2141C3EE00A037DE /* RecordSoundsViewController.swift */ = {isa = PBXFileReference; lastKnownFileType = sourcecode.swift; path = RecordSoundsViewController.swift; sourceTree = "<group>"; };
		A86AE0F12141C3EE00A037DE /* Base */ = {isa = PBXFileReference; lastKnownFileType = file.storyboard; name = Base; path = Base.lproj/Main.storyboard; sourceTree = "<group>"; };
		A86AE0F32141C3F100A037DE /* Assets.xcassets */ = {isa = PBXFileReference; lastKnownFileType = folder.assetcatalog; path = Assets.xcassets; sourceTree = "<group>"; };
		A86AE0F62141C3F100A037DE /* Base */ = {isa = PBXFileReference; lastKnownFileType = file.storyboard; name = Base; path = Base.lproj/LaunchScreen.storyboard; sourceTree = "<group>"; };
		A86AE0F82141C3F100A037DE /* Info.plist */ = {isa = PBXFileReference; lastKnownFileType = text.plist.xml; path = Info.plist; sourceTree = "<group>"; };
		A86AE10021471CDF00A037DE /* PlaySoundsViewController.swift */ = {isa = PBXFileReference; lastKnownFileType = sourcecode.swift; path = PlaySoundsViewController.swift; sourceTree = "<group>"; };
		A86AE10421479E1B00A037DE /* playsoundsviewcontroller-audio.swift */ = {isa = PBXFileReference; fileEncoding = 4; lastKnownFileType = sourcecode.swift; path = "playsoundsviewcontroller-audio.swift"; sourceTree = "<group>"; };
/* End PBXFileReference section */

/* Begin PBXFrameworksBuildPhase section */
		A86AE0E62141C3EE00A037DE /* Frameworks */ = {
			isa = PBXFrameworksBuildPhase;
			buildActionMask = 2147483647;
			files = (
			);
			runOnlyForDeploymentPostprocessing = 0;
		};
/* End PBXFrameworksBuildPhase section */

/* Begin PBXGroup section */
		A86AE0E02141C3EE00A037DE = {
			isa = PBXGroup;
			children = (
				A86AE0EB2141C3EE00A037DE /* Change Voice */,
				A86AE0EA2141C3EE00A037DE /* Products */,
			);
			sourceTree = "<group>";
		};
		A86AE0EA2141C3EE00A037DE /* Products */ = {
			isa = PBXGroup;
			children = (
				A86AE0E92141C3EE00A037DE /* Change Voice.app */,
			);
			name = Products;
			sourceTree = "<group>";
		};
		A86AE0EB2141C3EE00A037DE /* Change Voice */ = {
			isa = PBXGroup;
			children = (
				A86AE0EC2141C3EE00A037DE /* AppDelegate.swift */,
				A86AE0EE2141C3EE00A037DE /* RecordSoundsViewController.swift */,
				A86AE10021471CDF00A037DE /* PlaySoundsViewController.swift */,
				A86AE0F02141C3EE00A037DE /* Main.storyboard */,
				A86AE10421479E1B00A037DE /* playsoundsviewcontroller-audio.swift */,
				A86AE0F32141C3F100A037DE /* Assets.xcassets */,
				A86AE0F82141C3F100A037DE /* Info.plist */,
				A86AE0F52141C3F100A037DE /* LaunchScreen.storyboard */,
			);
			path = "Change Voice";
			sourceTree = "<group>";
		};
/* End PBXGroup section */

/* Begin PBXNativeTarget section */
		A86AE0E82141C3EE00A037DE /* Change Voice */ = {
			isa = PBXNativeTarget;
			buildConfigurationList = A86AE0FB2141C3F100A037DE /* Build configuration list for PBXNativeTarget "Change Voice" */;
			buildPhases = (
				A86AE0E52141C3EE00A037DE /* Sources */,
				A86AE0E62141C3EE00A037DE /* Frameworks */,
				A86AE0E72141C3EE00A037DE /* Resources */,
			);
			buildRules = (
			);
			dependencies = (
			);
			name = "Change Voice";
			productName = "Change Voice";
			productReference = A86AE0E92141C3EE00A037DE /* Change Voice.app */;
			productType = "com.apple.product-type.application";
		};
/* End PBXNativeTarget section */

/* Begin PBXProject section */
		A86AE0E12141C3EE00A037DE /* Project object */ = {
			isa = PBXProject;
			attributes = {
				LastSwiftUpdateCheck = 0940;
				LastUpgradeCheck = 0940;
				ORGANIZATIONNAME = "Makan Fofana";
				TargetAttributes = {
					A86AE0E82141C3EE00A037DE = {
						CreatedOnToolsVersion = 9.4.1;
					};
				};
			};
			buildConfigurationList = A86AE0E42141C3EE00A037DE /* Build configuration list for PBXProject "Change Voice" */;
			compatibilityVersion = "Xcode 9.3";
			developmentRegion = en;
			hasScannedForEncodings = 0;
			knownRegions = (
				en,
				Base,
			);
			mainGroup = A86AE0E02141C3EE00A037DE;
			productRefGroup = A86AE0EA2141C3EE00A037DE /* Products */;
			projectDirPath = "";
			projectRoot = "";
			targets = (
				A86AE0E82141C3EE00A037DE /* Change Voice */,
			);
		};
/* End PBXProject section */

/* Begin PBXResourcesBuildPhase section */
		A86AE0E72141C3EE00A037DE /* Resources */ = {
			isa = PBXResourcesBuildPhase;
			buildActionMask = 2147483647;
			files = (
				A86AE0F72141C3F100A037DE /* LaunchScreen.storyboard in Resources */,
				A86AE0F42141C3F100A037DE /* Assets.xcassets in Resources */,
				A86AE0F22141C3EE00A037DE /* Main.storyboard in Resources */,
			);
			runOnlyForDeploymentPostprocessing = 0;
		};
/* End PBXResourcesBuildPhase section */

/* Begin PBXSourcesBuildPhase section */
		A86AE0E52141C3EE00A037DE /* Sources */ = {
			isa = PBXSourcesBuildPhase;
			buildActionMask = 2147483647;
			files = (
				A86AE0EF2141C3EE00A037DE /* RecordSoundsViewController.swift in Sources */,
				A86AE10121471CDF00A037DE /* PlaySoundsViewController.swift in Sources */,
				A86AE0ED2141C3EE00A037DE /* AppDelegate.swift in Sources */,
				A86AE10521479E1B00A037DE /* playsoundsviewcontroller-audio.swift in Sources */,
			);
			runOnlyForDeploymentPostprocessing = 0;
		};
/* End PBXSourcesBuildPhase section */

/* Begin PBXVariantGroup section */
		A86AE0F02141C3EE00A037DE /* Main.storyboard */ = {
			isa = PBXVariantGroup;
			children = (
				A86AE0F12141C3EE00A037DE /* Base */,
			);
			name = Main.storyboard;
			sourceTree = "<group>";
		};
		A86AE0F52141C3F100A037DE /* LaunchScreen.storyboard */ = {
			isa = PBXVariantGroup;
			children = (
				A86AE0F62141C3F100A037DE /* Base */,
			);
			name = LaunchScreen.storyboard;
			sourceTree = "<group>";
		};
/* End PBXVariantGroup section */

/* Begin XCBuildConfiguration section */
		A86AE0F92141C3F100A037DE /* Debug */ = {
			isa = XCBuildConfiguration;
			buildSettings = {
				ALWAYS_SEARCH_USER_PATHS = NO;
				CLANG_ANALYZER_NONNULL = YES;
				CLANG_ANALYZER_NUMBER_OBJECT_CONVERSION = YES_AGGRESSIVE;
				CLANG_CXX_LANGUAGE_STANDARD = "gnu++14";
				CLANG_CXX_LIBRARY = "libc++";
				CLANG_ENABLE_MODULES = YES;
				CLANG_ENABLE_OBJC_ARC = YES;
				CLANG_ENABLE_OBJC_WEAK = YES;
				CLANG_WARN_BLOCK_CAPTURE_AUTORELEASING = YES;
				CLANG_WARN_BOOL_CONVERSION = YES;
				CLANG_WARN_COMMA = YES;
				CLANG_WARN_CONSTANT_CONVERSION = YES;
				CLANG_WARN_DEPRECATED_OBJC_IMPLEMENTATIONS = YES;
				CLANG_WARN_DIRECT_OBJC_ISA_USAGE = YES_ERROR;
				CLANG_WARN_DOCUMENTATION_COMMENTS = YES;
				CLANG_WARN_EMPTY_BODY = YES;
				CLANG_WARN_ENUM_CONVERSION = YES;
				CLANG_WARN_INFINITE_RECURSION = YES;
				CLANG_WARN_INT_CONVERSION = YES;
				CLANG_WARN_NON_LITERAL_NULL_CONVERSION = YES;
				CLANG_WARN_OBJC_IMPLICIT_RETAIN_SELF = YES;
				CLANG_WARN_OBJC_LITERAL_CONVERSION = YES;
				CLANG_WARN_OBJC_ROOT_CLASS = YES_ERROR;
				CLANG_WARN_RANGE_LOOP_ANALYSIS = YES;
				CLANG_WARN_STRICT_PROTOTYPES = YES;
				CLANG_WARN_SUSPICIOUS_MOVE = YES;
				CLANG_WARN_UNGUARDED_AVAILABILITY = YES_AGGRESSIVE;
				CLANG_WARN_UNREACHABLE_CODE = YES;
				CLANG_WARN__DUPLICATE_METHOD_MATCH = YES;
				CODE_SIGN_IDENTITY = "iPhone Developer";
				COPY_PHASE_STRIP = NO;
				DEBUG_INFORMATION_FORMAT = dwarf;
				ENABLE_STRICT_OBJC_MSGSEND = YES;
				ENABLE_TESTABILITY = YES;
				GCC_C_LANGUAGE_STANDARD = gnu11;
				GCC_DYNAMIC_NO_PIC = NO;
				GCC_NO_COMMON_BLOCKS = YES;
				GCC_OPTIMIZATION_LEVEL = 0;
				GCC_PREPROCESSOR_DEFINITIONS = (
					"DEBUG=1",
					"$(inherited)",
				);
				GCC_WARN_64_TO_32_BIT_CONVERSION = YES;
				GCC_WARN_ABOUT_RETURN_TYPE = YES_ERROR;
				GCC_WARN_UNDECLARED_SELECTOR = YES;
				GCC_WARN_UNINITIALIZED_AUTOS = YES_AGGRESSIVE;
				GCC_WARN_UNUSED_FUNCTION = YES;
				GCC_WARN_UNUSED_VARIABLE = YES;
				IPHONEOS_DEPLOYMENT_TARGET = 11.4;
				MTL_ENABLE_DEBUG_INFO = YES;
				ONLY_ACTIVE_ARCH = YES;
				SDKROOT = iphoneos;
				SWIFT_ACTIVE_COMPILATION_CONDITIONS = DEBUG;
				SWIFT_OPTIMIZATION_LEVEL = "-Onone";
			};
			name = Debug;
		};
		A86AE0FA2141C3F100A037DE /* Release */ = {
			isa = XCBuildConfiguration;
			buildSettings = {
				ALWAYS_SEARCH_USER_PATHS = NO;
				CLANG_ANALYZER_NONNULL = YES;
				CLANG_ANALYZER_NUMBER_OBJECT_CONVERSION = YES_AGGRESSIVE;
				CLANG_CXX_LANGUAGE_STANDARD = "gnu++14";
				CLANG_CXX_LIBRARY = "libc++";
				CLANG_ENABLE_MODULES = YES;
				CLANG_ENABLE_OBJC_ARC = YES;
				CLANG_ENABLE_OBJC_WEAK = YES;
				CLANG_WARN_BLOCK_CAPTURE_AUTORELEASING = YES;
				CLANG_WARN_BOOL_CONVERSION = YES;
				CLANG_WARN_COMMA = YES;
				CLANG_WARN_CONSTANT_CONVERSION = YES;
				CLANG_WARN_DEPRECATED_OBJC_IMPLEMENTATIONS = YES;
				CLANG_WARN_DIRECT_OBJC_ISA_USAGE = YES_ERROR;
				CLANG_WARN_DOCUMENTATION_COMMENTS = YES;
				CLANG_WARN_EMPTY_BODY = YES;
				CLANG_WARN_ENUM_CONVERSION = YES;
				CLANG_WARN_INFINITE_RECURSION = YES;
				CLANG_WARN_INT_CONVERSION = YES;
				CLANG_WARN_NON_LITERAL_NULL_CONVERSION = YES;
				CLANG_WARN_OBJC_IMPLICIT_RETAIN_SELF = YES;
				CLANG_WARN_OBJC_LITERAL_CONVERSION = YES;
				CLANG_WARN_OBJC_ROOT_CLASS = YES_ERROR;
				CLANG_WARN_RANGE_LOOP_ANALYSIS = YES;
				CLANG_WARN_STRICT_PROTOTYPES = YES;
				CLANG_WARN_SUSPICIOUS_MOVE = YES;
				CLANG_WARN_UNGUARDED_AVAILABILITY = YES_AGGRESSIVE;
				CLANG_WARN_UNREACHABLE_CODE = YES;
				CLANG_WARN__DUPLICATE_METHOD_MATCH = YES;
				CODE_SIGN_IDENTITY = "iPhone Developer";
				COPY_PHASE_STRIP = NO;
				DEBUG_INFORMATION_FORMAT = "dwarf-with-dsym";
				ENABLE_NS_ASSERTIONS = NO;
				ENABLE_STRICT_OBJC_MSGSEND = YES;
				GCC_C_LANGUAGE_STANDARD = gnu11;
				GCC_NO_COMMON_BLOCKS = YES;
				GCC_WARN_64_TO_32_BIT_CONVERSION = YES;
				GCC_WARN_ABOUT_RETURN_TYPE = YES_ERROR;
				GCC_WARN_UNDECLARED_SELECTOR = YES;
				GCC_WARN_UNINITIALIZED_AUTOS = YES_AGGRESSIVE;
				GCC_WARN_UNUSED_FUNCTION = YES;
				GCC_WARN_UNUSED_VARIABLE = YES;
				IPHONEOS_DEPLOYMENT_TARGET = 11.4;
				MTL_ENABLE_DEBUG_INFO = NO;
				SDKROOT = iphoneos;
				SWIFT_COMPILATION_MODE = wholemodule;
				SWIFT_OPTIMIZATION_LEVEL = "-O";
				VALIDATE_PRODUCT = YES;
			};
			name = Release;
		};
		A86AE0FC2141C3F100A037DE /* Debug */ = {
			isa = XCBuildConfiguration;
			buildSettings = {
				ASSETCATALOG_COMPILER_APPICON_NAME = AppIcon;
				CODE_SIGN_STYLE = Automatic;
				DEVELOPMENT_TEAM = 9X92Q6ALP7;
				INFOPLIST_FILE = "Change Voice/Info.plist";
				IPHONEOS_DEPLOYMENT_TARGET = 10.0;
				LD_RUNPATH_SEARCH_PATHS = (
					"$(inherited)",
					"@executable_path/Frameworks",
				);
				PRODUCT_BUNDLE_IDENTIFIER = "com.MakanFofana.ChangeVoice.Change-Voice";
				PRODUCT_NAME = "$(TARGET_NAME)";
				SWIFT_VERSION = 4.0;
				TARGETED_DEVICE_FAMILY = "1,2";
			};
			name = Debug;
		};
		A86AE0FD2141C3F100A037DE /* Release */ = {
			isa = XCBuildConfiguration;
			buildSettings = {
				ASSETCATALOG_COMPILER_APPICON_NAME = AppIcon;
				CODE_SIGN_STYLE = Automatic;
				DEVELOPMENT_TEAM = 9X92Q6ALP7;
				INFOPLIST_FILE = "Change Voice/Info.plist";
				IPHONEOS_DEPLOYMENT_TARGET = 10.0;
				LD_RUNPATH_SEARCH_PATHS = (
					"$(inherited)",
					"@executable_path/Frameworks",
				);
				PRODUCT_BUNDLE_IDENTIFIER = "com.MakanFofana.ChangeVoice.Change-Voice";
				PRODUCT_NAME = "$(TARGET_NAME)";
				SWIFT_VERSION = 4.0;
				TARGETED_DEVICE_FAMILY = "1,2";
			};
			name = Release;
		};
/* End XCBuildConfiguration section */

/* Begin XCConfigurationList section */
		A86AE0E42141C3EE00A037DE /* Build configuration list for PBXProject "Change Voice" */ = {
			isa = XCConfigurationList;
			buildConfigurations = (
				A86AE0F92141C3F100A037DE /* Debug */,
				A86AE0FA2141C3F100A037DE /* Release */,
			);
			defaultConfigurationIsVisible = 0;
			defaultConfigurationName = Release;
		};
		A86AE0FB2141C3F100A037DE /* Build configuration list for PBXNativeTarget "Change Voice" */ = {
			isa = XCConfigurationList;
			buildConfigurations = (
				A86AE0FC2141C3F100A037DE /* Debug */,
				A86AE0FD2141C3F100A037DE /* Release */,
			);
			defaultConfigurationIsVisible = 0;
			defaultConfigurationName = Release;
		};
/* End XCConfigurationList section */
	};
	rootObject = A86AE0E12141C3EE00A037DE /* Project object */;
}
